
Microsoft Visual Studio Solution File, Format Version 12.00
# Visual Studio Version 17
VisualStudioVersion = 17.0.31903.59
MinimumVisualStudioVersion = 10.0.40219.1
Project("{FAE04EC0-301F-11D3-BF4B-00C04F79EFBC}") = "API", "API\API.csproj", "{57D6D2AD-1CD3-4BA2-BC21-4CDC92B20847}"
EndProject
Project("{FAE04EC0-301F-11D3-BF4B-00C04F79EFBC}") = "Application", "Application\Application.csproj", "{9C8E0ECB-B784-46FC-852A-D3E33830BFC0}"
EndProject
Project("{FAE04EC0-301F-11D3-BF4B-00C04F79EFBC}") = "Domain", "Domain\Domain.csproj", "{47B927D9-68BE-4EFB-8B06-5E2D6D736D3F}"
EndProject
Project("{FAE04EC0-301F-11D3-BF4B-00C04F79EFBC}") = "Persistence", "Persistence\Persistence.csproj", "{15DF09E0-13E5-43A5-9EF6-BED3F76C78A7}"
EndProject
Global
	GlobalSection(SolutionConfigurationPlatforms) = preSolution
		Debug|Any CPU = Debug|Any CPU
		Release|Any CPU = Release|Any CPU
	EndGlobalSection
	GlobalSection(SolutionProperties) = preSolution
		HideSolutionNode = FALSE
	EndGlobalSection
	GlobalSection(ProjectConfigurationPlatforms) = postSolution
		{57D6D2AD-1CD3-4BA2-BC21-4CDC92B20847}.Debug|Any CPU.ActiveCfg = Debug|Any CPU
		{57D6D2AD-1CD3-4BA2-BC21-4CDC92B20847}.Debug|Any CPU.Build.0 = Debug|Any CPU
		{57D6D2AD-1CD3-4BA2-BC21-4CDC92B20847}.Release|Any CPU.ActiveCfg = Release|Any CPU
		{57D6D2AD-1CD3-4BA2-BC21-4CDC92B20847}.Release|Any CPU.Build.0 = Release|Any CPU
		{9C8E0ECB-B784-46FC-852A-D3E33830BFC0}.Debug|Any CPU.ActiveCfg = Debug|Any CPU
		{9C8E0ECB-B784-46FC-852A-D3E33830BFC0}.Debug|Any CPU.Build.0 = Debug|Any CPU
		{9C8E0ECB-B784-46FC-852A-D3E33830BFC0}.Release|Any CPU.ActiveCfg = Release|Any CPU
		{9C8E0ECB-B784-46FC-852A-D3E33830BFC0}.Release|Any CPU.Build.0 = Release|Any CPU
		{47B927D9-68BE-4EFB-8B06-5E2D6D736D3F}.Debug|Any CPU.ActiveCfg = Debug|Any CPU
		{47B927D9-68BE-4EFB-8B06-5E2D6D736D3F}.Debug|Any CPU.Build.0 = Debug|Any CPU
		{47B927D9-68BE-4EFB-8B06-5E2D6D736D3F}.Release|Any CPU.ActiveCfg = Release|Any CPU
		{47B927D9-68BE-4EFB-8B06-5E2D6D736D3F}.Release|Any CPU.Build.0 = Release|Any CPU
		{15DF09E0-13E5-43A5-9EF6-BED3F76C78A7}.Debug|Any CPU.ActiveCfg = Debug|Any CPU
		{15DF09E0-13E5-43A5-9EF6-BED3F76C78A7}.Debug|Any CPU.Build.0 = Debug|Any CPU
		{15DF09E0-13E5-43A5-9EF6-BED3F76C78A7}.Release|Any CPU.ActiveCfg = Release|Any CPU
		{15DF09E0-13E5-43A5-9EF6-BED3F76C78A7}.Release|Any CPU.Build.0 = Release|Any CPU
	EndGlobalSection
EndGlobal
